# generated by rye
# use `rye lock` or `rye sync` to update this lockfile
#
# last locked with the following flags:
#   pre: false
#   features: []
#   all-features: false
#   with-sources: false

-e file:.
anyio==4.4.0
    # via httpx
certifi==2024.6.2
    # via httpcore
    # via httpx
exceptiongroup==1.2.1
    # via anyio
fire==0.6.0
    # via ghtools
h11==0.14.0
    # via httpcore
httpcore==1.0.5
    # via httpx
httpx==0.27.0
    # via ghtools
idna==3.7
    # via anyio
    # via httpx
python-dotenv==1.0.1
    # via ghtools
six==1.16.0
    # via fire
sniffio==1.3.1
    # via anyio
    # via httpx
termcolor==2.4.0
    # via fire
typing-extensions==4.12.2
    # via anyio
